// !$*UTF8*$!
{
	archiveVersion = 1;
	classes = {
	};
	objectVersion = 46;
	objects = {

/* Begin PBXBuildFile section */
		152080E81DF35953005687C1 /* RiderList+Additions.swift in Sources */ = {isa = PBXBuildFile; fileRef = 152080E71DF35953005687C1 /* RiderList+Additions.swift */; };
		152080EA1DF35B8E005687C1 /* RiderListOffer+Additions.swift in Sources */ = {isa = PBXBuildFile; fileRef = 152080E91DF35B8E005687C1 /* RiderListOffer+Additions.swift */; };
		152080EE1DF36E60005687C1 /* DatePickerViewController.swift in Sources */ = {isa = PBXBuildFile; fileRef = 152080ED1DF36E60005687C1 /* DatePickerViewController.swift */; };
		152080F01DF37586005687C1 /* GeneralPickerViewController.swift in Sources */ = {isa = PBXBuildFile; fileRef = 152080EF1DF37586005687C1 /* GeneralPickerViewController.swift */; };
		152080F21DF375A1005687C1 /* GeneralPickerTableViewCell.swift in Sources */ = {isa = PBXBuildFile; fileRef = 152080F11DF375A1005687C1 /* GeneralPickerTableViewCell.swift */; };
		15327BC11DC63A62000411F7 /* AccomodationViewController.swift in Sources */ = {isa = PBXBuildFile; fileRef = 15327BB11DC63A62000411F7 /* AccomodationViewController.swift */; };
		15327BC21DC63A62000411F7 /* CreateRiderListViewController.swift in Sources */ = {isa = PBXBuildFile; fileRef = 15327BB21DC63A62000411F7 /* CreateRiderListViewController.swift */; };
		15327BC31DC63A62000411F7 /* HostFeedbackViewController.swift in Sources */ = {isa = PBXBuildFile; fileRef = 15327BB31DC63A62000411F7 /* HostFeedbackViewController.swift */; };
		15327BC41DC63A62000411F7 /* ReviewRiderLIstViewController.swift in Sources */ = {isa = PBXBuildFile; fileRef = 15327BB41DC63A62000411F7 /* ReviewRiderLIstViewController.swift */; };
		15327BC51DC63A62000411F7 /* SignupAddYourPhotoViewController.swift in Sources */ = {isa = PBXBuildFile; fileRef = 15327BB51DC63A62000411F7 /* SignupAddYourPhotoViewController.swift */; };
		15327BC61DC63A62000411F7 /* SignupConfirmPhoneViewController.swift in Sources */ = {isa = PBXBuildFile; fileRef = 15327BB61DC63A62000411F7 /* SignupConfirmPhoneViewController.swift */; };
		15327BC71DC63A62000411F7 /* SignupCongratulationsViewController.swift in Sources */ = {isa = PBXBuildFile; fileRef = 15327BB71DC63A62000411F7 /* SignupCongratulationsViewController.swift */; };
		15327BC81DC63A62000411F7 /* SignupCountryViewController.swift in Sources */ = {isa = PBXBuildFile; fileRef = 15327BB81DC63A62000411F7 /* SignupCountryViewController.swift */; };
		15327BC91DC63A62000411F7 /* SignupFinishedViewController.swift in Sources */ = {isa = PBXBuildFile; fileRef = 15327BB91DC63A62000411F7 /* SignupFinishedViewController.swift */; };
		15327BCA1DC63A62000411F7 /* SignupFourDigitCodeViewController.swift in Sources */ = {isa = PBXBuildFile; fileRef = 15327BBA1DC63A62000411F7 /* SignupFourDigitCodeViewController.swift */; };
		15327BCB1DC63A62000411F7 /* SignupGreatViewController.swift in Sources */ = {isa = PBXBuildFile; fileRef = 15327BBB1DC63A62000411F7 /* SignupGreatViewController.swift */; };
		15327BCC1DC63A62000411F7 /* SignupInterestsCollectionViewCell.swift in Sources */ = {isa = PBXBuildFile; fileRef = 15327BBC1DC63A62000411F7 /* SignupInterestsCollectionViewCell.swift */; };
		15327BCD1DC63A62000411F7 /* SignupViewController.swift in Sources */ = {isa = PBXBuildFile; fileRef = 15327BBD1DC63A62000411F7 /* SignupViewController.swift */; };
		15327BCE1DC63A62000411F7 /* SignupYouLookGoodViewController.swift in Sources */ = {isa = PBXBuildFile; fileRef = 15327BBE1DC63A62000411F7 /* SignupYouLookGoodViewController.swift */; };
		15327BCF1DC63A62000411F7 /* SignupYourInterestsViewController.swift in Sources */ = {isa = PBXBuildFile; fileRef = 15327BBF1DC63A62000411F7 /* SignupYourInterestsViewController.swift */; };
		15327BD01DC63A62000411F7 /* StartViewController.swift in Sources */ = {isa = PBXBuildFile; fileRef = 15327BC01DC63A62000411F7 /* StartViewController.swift */; };
		153C80D21DABB57000DBEDCD /* ButtonView.swift in Sources */ = {isa = PBXBuildFile; fileRef = 153C80D11DABB57000DBEDCD /* ButtonView.swift */; };
		1547F1F41DC8FE3F00A04106 /* User+Additions.swift in Sources */ = {isa = PBXBuildFile; fileRef = 1547F1F31DC8FE3F00A04106 /* User+Additions.swift */; };
		154A542E1D9FD0750021A803 /* AppDelegate.swift in Sources */ = {isa = PBXBuildFile; fileRef = 154A542D1D9FD0750021A803 /* AppDelegate.swift */; };
		154A54331D9FD0750021A803 /* Main.storyboard in Resources */ = {isa = PBXBuildFile; fileRef = 154A54311D9FD0750021A803 /* Main.storyboard */; };
		154A54361D9FD0750021A803 /* CD.xcdatamodeld in Sources */ = {isa = PBXBuildFile; fileRef = 154A54341D9FD0750021A803 /* CD.xcdatamodeld */; };
		154A54381D9FD0750021A803 /* Assets.xcassets in Resources */ = {isa = PBXBuildFile; fileRef = 154A54371D9FD0750021A803 /* Assets.xcassets */; };
		154A543B1D9FD0750021A803 /* LaunchScreen.storyboard in Resources */ = {isa = PBXBuildFile; fileRef = 154A54391D9FD0750021A803 /* LaunchScreen.storyboard */; };
		154A54471D9FD11D0021A803 /* DotView.swift in Sources */ = {isa = PBXBuildFile; fileRef = 154A54431D9FD11D0021A803 /* DotView.swift */; };
		154A54481D9FD11D0021A803 /* IntroButton.swift in Sources */ = {isa = PBXBuildFile; fileRef = 154A54441D9FD11D0021A803 /* IntroButton.swift */; };
		154A54491D9FD11D0021A803 /* IntroButtonWhite.swift in Sources */ = {isa = PBXBuildFile; fileRef = 154A54451D9FD11D0021A803 /* IntroButtonWhite.swift */; };
		154A544A1D9FD11D0021A803 /* IntroTextField.swift in Sources */ = {isa = PBXBuildFile; fileRef = 154A54461D9FD11D0021A803 /* IntroTextField.swift */; };
		154A54601D9FD12C0021A803 /* Apache License.txt in Resources */ = {isa = PBXBuildFile; fileRef = 154A544D1D9FD12C0021A803 /* Apache License.txt */; };
		154A54611D9FD12C0021A803 /* Roboto-Black.ttf in Resources */ = {isa = PBXBuildFile; fileRef = 154A544E1D9FD12C0021A803 /* Roboto-Black.ttf */; };
		154A54621D9FD12C0021A803 /* Roboto-BlackItalic.ttf in Resources */ = {isa = PBXBuildFile; fileRef = 154A544F1D9FD12C0021A803 /* Roboto-BlackItalic.ttf */; };
		154A54631D9FD12C0021A803 /* Roboto-Bold.ttf in Resources */ = {isa = PBXBuildFile; fileRef = 154A54501D9FD12C0021A803 /* Roboto-Bold.ttf */; };
		154A54641D9FD12C0021A803 /* Roboto-BoldItalic.ttf in Resources */ = {isa = PBXBuildFile; fileRef = 154A54511D9FD12C0021A803 /* Roboto-BoldItalic.ttf */; };
		154A54651D9FD12C0021A803 /* Roboto-Italic.ttf in Resources */ = {isa = PBXBuildFile; fileRef = 154A54521D9FD12C0021A803 /* Roboto-Italic.ttf */; };
		154A54661D9FD12C0021A803 /* Roboto-Light.ttf in Resources */ = {isa = PBXBuildFile; fileRef = 154A54531D9FD12C0021A803 /* Roboto-Light.ttf */; };
		154A54671D9FD12C0021A803 /* Roboto-LightItalic.ttf in Resources */ = {isa = PBXBuildFile; fileRef = 154A54541D9FD12C0021A803 /* Roboto-LightItalic.ttf */; };
		154A54681D9FD12C0021A803 /* Roboto-Medium.ttf in Resources */ = {isa = PBXBuildFile; fileRef = 154A54551D9FD12C0021A803 /* Roboto-Medium.ttf */; };
		154A54691D9FD12C0021A803 /* Roboto-MediumItalic.ttf in Resources */ = {isa = PBXBuildFile; fileRef = 154A54561D9FD12C0021A803 /* Roboto-MediumItalic.ttf */; };
		154A546A1D9FD12C0021A803 /* Roboto-Regular.ttf in Resources */ = {isa = PBXBuildFile; fileRef = 154A54571D9FD12C0021A803 /* Roboto-Regular.ttf */; };
		154A546B1D9FD12C0021A803 /* Roboto-Thin.ttf in Resources */ = {isa = PBXBuildFile; fileRef = 154A54581D9FD12C0021A803 /* Roboto-Thin.ttf */; };
		154A546C1D9FD12C0021A803 /* Roboto-ThinItalic.ttf in Resources */ = {isa = PBXBuildFile; fileRef = 154A54591D9FD12C0021A803 /* Roboto-ThinItalic.ttf */; };
		154A546D1D9FD12C0021A803 /* RobotoCondensed-Bold.ttf in Resources */ = {isa = PBXBuildFile; fileRef = 154A545A1D9FD12C0021A803 /* RobotoCondensed-Bold.ttf */; };
		154A546E1D9FD12C0021A803 /* RobotoCondensed-BoldItalic.ttf in Resources */ = {isa = PBXBuildFile; fileRef = 154A545B1D9FD12C0021A803 /* RobotoCondensed-BoldItalic.ttf */; };
		154A546F1D9FD12C0021A803 /* RobotoCondensed-Italic.ttf in Resources */ = {isa = PBXBuildFile; fileRef = 154A545C1D9FD12C0021A803 /* RobotoCondensed-Italic.ttf */; };
		154A54701D9FD12C0021A803 /* RobotoCondensed-Light.ttf in Resources */ = {isa = PBXBuildFile; fileRef = 154A545D1D9FD12C0021A803 /* RobotoCondensed-Light.ttf */; };
		154A54711D9FD12C0021A803 /* RobotoCondensed-LightItalic.ttf in Resources */ = {isa = PBXBuildFile; fileRef = 154A545E1D9FD12C0021A803 /* RobotoCondensed-LightItalic.ttf */; };
		154A54721D9FD12C0021A803 /* RobotoCondensed-Regular.ttf in Resources */ = {isa = PBXBuildFile; fileRef = 154A545F1D9FD12C0021A803 /* RobotoCondensed-Regular.ttf */; };
		1574A7501E0ED31400EDA4D0 /* SWRevealViewController.m in Sources */ = {isa = PBXBuildFile; fileRef = 1574A74F1E0ED31400EDA4D0 /* SWRevealViewController.m */; };
		1574A7521E0ED6B000EDA4D0 /* GuestHomeViewController.swift in Sources */ = {isa = PBXBuildFile; fileRef = 1574A7511E0ED6B000EDA4D0 /* GuestHomeViewController.swift */; };
		1574A7551E0EDE1500EDA4D0 /* HostHomeViewController.swift in Sources */ = {isa = PBXBuildFile; fileRef = 1574A7541E0EDE1500EDA4D0 /* HostHomeViewController.swift */; };
		1588A6CD1E11369800FEA81F /* HostMenuTableViewCell.swift in Sources */ = {isa = PBXBuildFile; fileRef = 1588A6CC1E11369800FEA81F /* HostMenuTableViewCell.swift */; };
		1588A6CF1E1154D200FEA81F /* GuestMenuTableViewCell.swift in Sources */ = {isa = PBXBuildFile; fileRef = 1588A6CE1E1154D200FEA81F /* GuestMenuTableViewCell.swift */; };
		1588A6D21E115FDD00FEA81F /* SettingsViewController.swift in Sources */ = {isa = PBXBuildFile; fileRef = 1588A6D11E115FDD00FEA81F /* SettingsViewController.swift */; };
		158E240A1DCE0A5D000FE262 /* CoreDataManager.swift in Sources */ = {isa = PBXBuildFile; fileRef = 158E24091DCE0A5D000FE262 /* CoreDataManager.swift */; };
		15CAE37E1DEC86A000DED25C /* Country+Additions.swift in Sources */ = {isa = PBXBuildFile; fileRef = 15CAE37D1DEC86A000DED25C /* Country+Additions.swift */; };
		15CAE3801DEC86AF00DED25C /* City+Additions.swift in Sources */ = {isa = PBXBuildFile; fileRef = 15CAE37F1DEC86AF00DED25C /* City+Additions.swift */; };
		15CAE3841DEC9B7400DED25C /* Profession+Additions.swift in Sources */ = {isa = PBXBuildFile; fileRef = 15CAE3831DEC9B7400DED25C /* Profession+Additions.swift */; };
		15CAE3861DECAD8D00DED25C /* CustomAlert.swift in Sources */ = {isa = PBXBuildFile; fileRef = 15CAE3851DECAD8D00DED25C /* CustomAlert.swift */; };
		15EE96061DCA0F600003FB51 /* ServiceOffer+Additions.swift in Sources */ = {isa = PBXBuildFile; fileRef = 15EE96051DCA0F600003FB51 /* ServiceOffer+Additions.swift */; };
		15EE96081DCA144A0003FB51 /* Interest+Additions.swift in Sources */ = {isa = PBXBuildFile; fileRef = 15EE96071DCA144A0003FB51 /* Interest+Additions.swift */; };
		15EE960A1DCA14B50003FB51 /* Language+Additions.swift in Sources */ = {isa = PBXBuildFile; fileRef = 15EE96091DCA14B50003FB51 /* Language+Additions.swift */; };
		15EE960D1DCA2CD10003FB51 /* NetworkManager.swift in Sources */ = {isa = PBXBuildFile; fileRef = 15EE960C1DCA2CD10003FB51 /* NetworkManager.swift */; };
		DA8406CBF1A476662911D7E8 /* Pods_CD.framework in Frameworks */ = {isa = PBXBuildFile; fileRef = 12641929306E4C88E2053DC2 /* Pods_CD.framework */; };
/* End PBXBuildFile section */

/* Begin PBXFileReference section */
		0A2AF6023080F9C14214C781 /* Pods-CD.debug.xcconfig */ = {isa = PBXFileReference; includeInIndex = 1; lastKnownFileType = text.xcconfig; name = "Pods-CD.debug.xcconfig"; path = "Pods/Target Support Files/Pods-CD/Pods-CD.debug.xcconfig"; sourceTree = "<group>"; };
		12641929306E4C88E2053DC2 /* Pods_CD.framework */ = {isa = PBXFileReference; explicitFileType = wrapper.framework; includeInIndex = 0; path = Pods_CD.framework; sourceTree = BUILT_PRODUCTS_DIR; };
		152080E71DF35953005687C1 /* RiderList+Additions.swift */ = {isa = PBXFileReference; fileEncoding = 4; lastKnownFileType = sourcecode.swift; path = "RiderList+Additions.swift"; sourceTree = "<group>"; };
		152080E91DF35B8E005687C1 /* RiderListOffer+Additions.swift */ = {isa = PBXFileReference; fileEncoding = 4; lastKnownFileType = sourcecode.swift; path = "RiderListOffer+Additions.swift"; sourceTree = "<group>"; };
		152080ED1DF36E60005687C1 /* DatePickerViewController.swift */ = {isa = PBXFileReference; fileEncoding = 4; lastKnownFileType = sourcecode.swift; path = DatePickerViewController.swift; sourceTree = "<group>"; };
		152080EF1DF37586005687C1 /* GeneralPickerViewController.swift */ = {isa = PBXFileReference; fileEncoding = 4; lastKnownFileType = sourcecode.swift; path = GeneralPickerViewController.swift; sourceTree = "<group>"; };
		152080F11DF375A1005687C1 /* GeneralPickerTableViewCell.swift */ = {isa = PBXFileReference; fileEncoding = 4; lastKnownFileType = sourcecode.swift; path = GeneralPickerTableViewCell.swift; sourceTree = "<group>"; };
		15327BB11DC63A62000411F7 /* AccomodationViewController.swift */ = {isa = PBXFileReference; fileEncoding = 4; lastKnownFileType = sourcecode.swift; path = AccomodationViewController.swift; sourceTree = "<group>"; };
		15327BB21DC63A62000411F7 /* CreateRiderListViewController.swift */ = {isa = PBXFileReference; fileEncoding = 4; lastKnownFileType = sourcecode.swift; path = CreateRiderListViewController.swift; sourceTree = "<group>"; };
		15327BB31DC63A62000411F7 /* HostFeedbackViewController.swift */ = {isa = PBXFileReference; fileEncoding = 4; lastKnownFileType = sourcecode.swift; path = HostFeedbackViewController.swift; sourceTree = "<group>"; };
		15327BB41DC63A62000411F7 /* ReviewRiderLIstViewController.swift */ = {isa = PBXFileReference; fileEncoding = 4; lastKnownFileType = sourcecode.swift; path = ReviewRiderLIstViewController.swift; sourceTree = "<group>"; };
		15327BB51DC63A62000411F7 /* SignupAddYourPhotoViewController.swift */ = {isa = PBXFileReference; fileEncoding = 4; lastKnownFileType = sourcecode.swift; path = SignupAddYourPhotoViewController.swift; sourceTree = "<group>"; };
		15327BB61DC63A62000411F7 /* SignupConfirmPhoneViewController.swift */ = {isa = PBXFileReference; fileEncoding = 4; lastKnownFileType = sourcecode.swift; path = SignupConfirmPhoneViewController.swift; sourceTree = "<group>"; };
		15327BB71DC63A62000411F7 /* SignupCongratulationsViewController.swift */ = {isa = PBXFileReference; fileEncoding = 4; lastKnownFileType = sourcecode.swift; path = SignupCongratulationsViewController.swift; sourceTree = "<group>"; };
		15327BB81DC63A62000411F7 /* SignupCountryViewController.swift */ = {isa = PBXFileReference; fileEncoding = 4; lastKnownFileType = sourcecode.swift; path = SignupCountryViewController.swift; sourceTree = "<group>"; };
		15327BB91DC63A62000411F7 /* SignupFinishedViewController.swift */ = {isa = PBXFileReference; fileEncoding = 4; lastKnownFileType = sourcecode.swift; path = SignupFinishedViewController.swift; sourceTree = "<group>"; };
		15327BBA1DC63A62000411F7 /* SignupFourDigitCodeViewController.swift */ = {isa = PBXFileReference; fileEncoding = 4; lastKnownFileType = sourcecode.swift; path = SignupFourDigitCodeViewController.swift; sourceTree = "<group>"; };
		15327BBB1DC63A62000411F7 /* SignupGreatViewController.swift */ = {isa = PBXFileReference; fileEncoding = 4; lastKnownFileType = sourcecode.swift; path = SignupGreatViewController.swift; sourceTree = "<group>"; };
		15327BBC1DC63A62000411F7 /* SignupInterestsCollectionViewCell.swift */ = {isa = PBXFileReference; fileEncoding = 4; lastKnownFileType = sourcecode.swift; path = SignupInterestsCollectionViewCell.swift; sourceTree = "<group>"; };
		15327BBD1DC63A62000411F7 /* SignupViewController.swift */ = {isa = PBXFileReference; fileEncoding = 4; lastKnownFileType = sourcecode.swift; path = SignupViewController.swift; sourceTree = "<group>"; };
		15327BBE1DC63A62000411F7 /* SignupYouLookGoodViewController.swift */ = {isa = PBXFileReference; fileEncoding = 4; lastKnownFileType = sourcecode.swift; path = SignupYouLookGoodViewController.swift; sourceTree = "<group>"; };
		15327BBF1DC63A62000411F7 /* SignupYourInterestsViewController.swift */ = {isa = PBXFileReference; fileEncoding = 4; lastKnownFileType = sourcecode.swift; path = SignupYourInterestsViewController.swift; sourceTree = "<group>"; };
		15327BC01DC63A62000411F7 /* StartViewController.swift */ = {isa = PBXFileReference; fileEncoding = 4; lastKnownFileType = sourcecode.swift; path = StartViewController.swift; sourceTree = "<group>"; };
		153C80D11DABB57000DBEDCD /* ButtonView.swift */ = {isa = PBXFileReference; fileEncoding = 4; lastKnownFileType = sourcecode.swift; path = ButtonView.swift; sourceTree = "<group>"; };
		1547F1F31DC8FE3F00A04106 /* User+Additions.swift */ = {isa = PBXFileReference; fileEncoding = 4; lastKnownFileType = sourcecode.swift; path = "User+Additions.swift"; sourceTree = "<group>"; };
		154A542A1D9FD0750021A803 /* CD.app */ = {isa = PBXFileReference; explicitFileType = wrapper.application; includeInIndex = 0; path = CD.app; sourceTree = BUILT_PRODUCTS_DIR; };
		154A542D1D9FD0750021A803 /* AppDelegate.swift */ = {isa = PBXFileReference; lastKnownFileType = sourcecode.swift; path = AppDelegate.swift; sourceTree = "<group>"; };
		154A54321D9FD0750021A803 /* Base */ = {isa = PBXFileReference; lastKnownFileType = file.storyboard; name = Base; path = Base.lproj/Main.storyboard; sourceTree = "<group>"; };
		154A54351D9FD0750021A803 /* CD.xcdatamodel */ = {isa = PBXFileReference; lastKnownFileType = wrapper.xcdatamodel; path = CD.xcdatamodel; sourceTree = "<group>"; };
		154A54371D9FD0750021A803 /* Assets.xcassets */ = {isa = PBXFileReference; lastKnownFileType = folder.assetcatalog; path = Assets.xcassets; sourceTree = "<group>"; };
		154A543A1D9FD0750021A803 /* Base */ = {isa = PBXFileReference; lastKnownFileType = file.storyboard; name = Base; path = Base.lproj/LaunchScreen.storyboard; sourceTree = "<group>"; };
		154A543C1D9FD0750021A803 /* Info.plist */ = {isa = PBXFileReference; lastKnownFileType = text.plist.xml; path = Info.plist; sourceTree = "<group>"; };
		154A54431D9FD11D0021A803 /* DotView.swift */ = {isa = PBXFileReference; fileEncoding = 4; lastKnownFileType = sourcecode.swift; path = DotView.swift; sourceTree = "<group>"; };
		154A54441D9FD11D0021A803 /* IntroButton.swift */ = {isa = PBXFileReference; fileEncoding = 4; lastKnownFileType = sourcecode.swift; path = IntroButton.swift; sourceTree = "<group>"; };
		154A54451D9FD11D0021A803 /* IntroButtonWhite.swift */ = {isa = PBXFileReference; fileEncoding = 4; lastKnownFileType = sourcecode.swift; path = IntroButtonWhite.swift; sourceTree = "<group>"; };
		154A54461D9FD11D0021A803 /* IntroTextField.swift */ = {isa = PBXFileReference; fileEncoding = 4; lastKnownFileType = sourcecode.swift; path = IntroTextField.swift; sourceTree = "<group>"; };
		154A544D1D9FD12C0021A803 /* Apache License.txt */ = {isa = PBXFileReference; fileEncoding = 4; lastKnownFileType = text; path = "Apache License.txt"; sourceTree = "<group>"; };
		154A544E1D9FD12C0021A803 /* Roboto-Black.ttf */ = {isa = PBXFileReference; lastKnownFileType = file; path = "Roboto-Black.ttf"; sourceTree = "<group>"; };
		154A544F1D9FD12C0021A803 /* Roboto-BlackItalic.ttf */ = {isa = PBXFileReference; lastKnownFileType = file; path = "Roboto-BlackItalic.ttf"; sourceTree = "<group>"; };
		154A54501D9FD12C0021A803 /* Roboto-Bold.ttf */ = {isa = PBXFileReference; lastKnownFileType = file; path = "Roboto-Bold.ttf"; sourceTree = "<group>"; };
		154A54511D9FD12C0021A803 /* Roboto-BoldItalic.ttf */ = {isa = PBXFileReference; lastKnownFileType = file; path = "Roboto-BoldItalic.ttf"; sourceTree = "<group>"; };
		154A54521D9FD12C0021A803 /* Roboto-Italic.ttf */ = {isa = PBXFileReference; lastKnownFileType = file; path = "Roboto-Italic.ttf"; sourceTree = "<group>"; };
		154A54531D9FD12C0021A803 /* Roboto-Light.ttf */ = {isa = PBXFileReference; lastKnownFileType = file; path = "Roboto-Light.ttf"; sourceTree = "<group>"; };
		154A54541D9FD12C0021A803 /* Roboto-LightItalic.ttf */ = {isa = PBXFileReference; lastKnownFileType = file; path = "Roboto-LightItalic.ttf"; sourceTree = "<group>"; };
		154A54551D9FD12C0021A803 /* Roboto-Medium.ttf */ = {isa = PBXFileReference; lastKnownFileType = file; path = "Roboto-Medium.ttf"; sourceTree = "<group>"; };
		154A54561D9FD12C0021A803 /* Roboto-MediumItalic.ttf */ = {isa = PBXFileReference; lastKnownFileType = file; path = "Roboto-MediumItalic.ttf"; sourceTree = "<group>"; };
		154A54571D9FD12C0021A803 /* Roboto-Regular.ttf */ = {isa = PBXFileReference; lastKnownFileType = file; path = "Roboto-Regular.ttf"; sourceTree = "<group>"; };
		154A54581D9FD12C0021A803 /* Roboto-Thin.ttf */ = {isa = PBXFileReference; lastKnownFileType = file; path = "Roboto-Thin.ttf"; sourceTree = "<group>"; };
		154A54591D9FD12C0021A803 /* Roboto-ThinItalic.ttf */ = {isa = PBXFileReference; lastKnownFileType = file; path = "Roboto-ThinItalic.ttf"; sourceTree = "<group>"; };
		154A545A1D9FD12C0021A803 /* RobotoCondensed-Bold.ttf */ = {isa = PBXFileReference; lastKnownFileType = file; path = "RobotoCondensed-Bold.ttf"; sourceTree = "<group>"; };
		154A545B1D9FD12C0021A803 /* RobotoCondensed-BoldItalic.ttf */ = {isa = PBXFileReference; lastKnownFileType = file; path = "RobotoCondensed-BoldItalic.ttf"; sourceTree = "<group>"; };
		154A545C1D9FD12C0021A803 /* RobotoCondensed-Italic.ttf */ = {isa = PBXFileReference; lastKnownFileType = file; path = "RobotoCondensed-Italic.ttf"; sourceTree = "<group>"; };
		154A545D1D9FD12C0021A803 /* RobotoCondensed-Light.ttf */ = {isa = PBXFileReference; lastKnownFileType = file; path = "RobotoCondensed-Light.ttf"; sourceTree = "<group>"; };
		154A545E1D9FD12C0021A803 /* RobotoCondensed-LightItalic.ttf */ = {isa = PBXFileReference; lastKnownFileType = file; path = "RobotoCondensed-LightItalic.ttf"; sourceTree = "<group>"; };
		154A545F1D9FD12C0021A803 /* RobotoCondensed-Regular.ttf */ = {isa = PBXFileReference; lastKnownFileType = file; path = "RobotoCondensed-Regular.ttf"; sourceTree = "<group>"; };
		1574A74A1E0ED2AA00EDA4D0 /* CD-Bridging-Header.h */ = {isa = PBXFileReference; lastKnownFileType = sourcecode.c.h; path = "CD-Bridging-Header.h"; sourceTree = "<group>"; };
		1574A74E1E0ED31400EDA4D0 /* SWRevealViewController.h */ = {isa = PBXFileReference; fileEncoding = 4; lastKnownFileType = sourcecode.c.h; path = SWRevealViewController.h; sourceTree = "<group>"; };
		1574A74F1E0ED31400EDA4D0 /* SWRevealViewController.m */ = {isa = PBXFileReference; fileEncoding = 4; lastKnownFileType = sourcecode.c.objc; path = SWRevealViewController.m; sourceTree = "<group>"; };
		1574A7511E0ED6B000EDA4D0 /* GuestHomeViewController.swift */ = {isa = PBXFileReference; fileEncoding = 4; lastKnownFileType = sourcecode.swift; path = GuestHomeViewController.swift; sourceTree = "<group>"; };
		1574A7541E0EDE1500EDA4D0 /* HostHomeViewController.swift */ = {isa = PBXFileReference; fileEncoding = 4; lastKnownFileType = sourcecode.swift; path = HostHomeViewController.swift; sourceTree = "<group>"; };
		1588A6CC1E11369800FEA81F /* HostMenuTableViewCell.swift */ = {isa = PBXFileReference; fileEncoding = 4; lastKnownFileType = sourcecode.swift; path = HostMenuTableViewCell.swift; sourceTree = "<group>"; };
		1588A6CE1E1154D200FEA81F /* GuestMenuTableViewCell.swift */ = {isa = PBXFileReference; fileEncoding = 4; lastKnownFileType = sourcecode.swift; path = GuestMenuTableViewCell.swift; sourceTree = "<group>"; };
		1588A6D11E115FDD00FEA81F /* SettingsViewController.swift */ = {isa = PBXFileReference; fileEncoding = 4; lastKnownFileType = sourcecode.swift; path = SettingsViewController.swift; sourceTree = "<group>"; };
		158E24091DCE0A5D000FE262 /* CoreDataManager.swift */ = {isa = PBXFileReference; fileEncoding = 4; lastKnownFileType = sourcecode.swift; path = CoreDataManager.swift; sourceTree = "<group>"; };
		15CAE37D1DEC86A000DED25C /* Country+Additions.swift */ = {isa = PBXFileReference; fileEncoding = 4; lastKnownFileType = sourcecode.swift; path = "Country+Additions.swift"; sourceTree = "<group>"; };
		15CAE37F1DEC86AF00DED25C /* City+Additions.swift */ = {isa = PBXFileReference; fileEncoding = 4; lastKnownFileType = sourcecode.swift; path = "City+Additions.swift"; sourceTree = "<group>"; };
		15CAE3831DEC9B7400DED25C /* Profession+Additions.swift */ = {isa = PBXFileReference; fileEncoding = 4; lastKnownFileType = sourcecode.swift; path = "Profession+Additions.swift"; sourceTree = "<group>"; };
		15CAE3851DECAD8D00DED25C /* CustomAlert.swift */ = {isa = PBXFileReference; fileEncoding = 4; lastKnownFileType = sourcecode.swift; path = CustomAlert.swift; sourceTree = "<group>"; };
		15EE96051DCA0F600003FB51 /* ServiceOffer+Additions.swift */ = {isa = PBXFileReference; fileEncoding = 4; lastKnownFileType = sourcecode.swift; path = "ServiceOffer+Additions.swift"; sourceTree = "<group>"; };
		15EE96071DCA144A0003FB51 /* Interest+Additions.swift */ = {isa = PBXFileReference; fileEncoding = 4; lastKnownFileType = sourcecode.swift; path = "Interest+Additions.swift"; sourceTree = "<group>"; };
		15EE96091DCA14B50003FB51 /* Language+Additions.swift */ = {isa = PBXFileReference; fileEncoding = 4; lastKnownFileType = sourcecode.swift; path = "Language+Additions.swift"; sourceTree = "<group>"; };
		15EE960C1DCA2CD10003FB51 /* NetworkManager.swift */ = {isa = PBXFileReference; fileEncoding = 4; lastKnownFileType = sourcecode.swift; path = NetworkManager.swift; sourceTree = "<group>"; };
		DB6497397822CCBF6D246A17 /* Pods-CD.release.xcconfig */ = {isa = PBXFileReference; includeInIndex = 1; lastKnownFileType = text.xcconfig; name = "Pods-CD.release.xcconfig"; path = "Pods/Target Support Files/Pods-CD/Pods-CD.release.xcconfig"; sourceTree = "<group>"; };
/* End PBXFileReference section */

/* Begin PBXFrameworksBuildPhase section */
		154A54271D9FD0750021A803 /* Frameworks */ = {
			isa = PBXFrameworksBuildPhase;
			buildActionMask = 2147483647;
			files = (
				DA8406CBF1A476662911D7E8 /* Pods_CD.framework in Frameworks */,
			);
			runOnlyForDeploymentPostprocessing = 0;
		};
/* End PBXFrameworksBuildPhase section */

/* Begin PBXGroup section */
		152080EB1DF36470005687C1 /* Guest Menu */ = {
			isa = PBXGroup;
			children = (
				1574A7511E0ED6B000EDA4D0 /* GuestHomeViewController.swift */,
				1588A6CE1E1154D200FEA81F /* GuestMenuTableViewCell.swift */,
				15327BB21DC63A62000411F7 /* CreateRiderListViewController.swift */,
			);
			name = "Guest Menu";
			sourceTree = "<group>";
		};
		152080EC1DF36E48005687C1 /* Pickers */ = {
			isa = PBXGroup;
			children = (
				152080ED1DF36E60005687C1 /* DatePickerViewController.swift */,
				152080EF1DF37586005687C1 /* GeneralPickerViewController.swift */,
				152080F11DF375A1005687C1 /* GeneralPickerTableViewCell.swift */,
			);
			name = Pickers;
			sourceTree = "<group>";
		};
		152A84261DC8E79F00949324 /* Model */ = {
			isa = PBXGroup;
			children = (
				158E24091DCE0A5D000FE262 /* CoreDataManager.swift */,
				1547F1F31DC8FE3F00A04106 /* User+Additions.swift */,
				15EE96071DCA144A0003FB51 /* Interest+Additions.swift */,
				15EE96051DCA0F600003FB51 /* ServiceOffer+Additions.swift */,
				15EE96091DCA14B50003FB51 /* Language+Additions.swift */,
				15CAE37D1DEC86A000DED25C /* Country+Additions.swift */,
				15CAE37F1DEC86AF00DED25C /* City+Additions.swift */,
				15CAE3831DEC9B7400DED25C /* Profession+Additions.swift */,
				152080E71DF35953005687C1 /* RiderList+Additions.swift */,
				152080E91DF35B8E005687C1 /* RiderListOffer+Additions.swift */,
			);
			path = Model;
			sourceTree = "<group>";
		};
		15327BB01DC639D6000411F7 /* View Controllers */ = {
			isa = PBXGroup;
			children = (
				15327BC01DC63A62000411F7 /* StartViewController.swift */,
				152080EC1DF36E48005687C1 /* Pickers */,
				158E24081DCE081C000FE262 /* Signup */,
				156C226B1DDE0DA600ACE919 /* Signup Complete Profile */,
				1588A6D01E115FC300FEA81F /* Setting Menu */,
				152080EB1DF36470005687C1 /* Guest Menu */,
				1574A7531E0EDD2E00EDA4D0 /* Host Menu */,
				15327BB11DC63A62000411F7 /* AccomodationViewController.swift */,
				15327BB31DC63A62000411F7 /* HostFeedbackViewController.swift */,
				15327BB41DC63A62000411F7 /* ReviewRiderLIstViewController.swift */,
				15327BB61DC63A62000411F7 /* SignupConfirmPhoneViewController.swift */,
				15327BBA1DC63A62000411F7 /* SignupFourDigitCodeViewController.swift */,
				15327BBB1DC63A62000411F7 /* SignupGreatViewController.swift */,
				15327BBC1DC63A62000411F7 /* SignupInterestsCollectionViewCell.swift */,
			);
			path = "View Controllers";
			sourceTree = "<group>";
		};
		154A54211D9FD0750021A803 = {
			isa = PBXGroup;
			children = (
				154A542C1D9FD0750021A803 /* CD */,
				154A542B1D9FD0750021A803 /* Products */,
				A074BD721CD0EA59A861ACDC /* Pods */,
				34B248700B5775622CA85CFB /* Frameworks */,
			);
			sourceTree = "<group>";
		};
		154A542B1D9FD0750021A803 /* Products */ = {
			isa = PBXGroup;
			children = (
				154A542A1D9FD0750021A803 /* CD.app */,
			);
			name = Products;
			sourceTree = "<group>";
		};
		154A542C1D9FD0750021A803 /* CD */ = {
			isa = PBXGroup;
			children = (
				1574A7481E0ED29F00EDA4D0 /* External Libraries */,
				154A544B1D9FD12C0021A803 /* Custom Fonts */,
				154A54421D9FD11D0021A803 /* Custom UI */,
				152A84261DC8E79F00949324 /* Model */,
				15EE960B1DCA2CBB0003FB51 /* Network */,
				15327BB01DC639D6000411F7 /* View Controllers */,
				154A542D1D9FD0750021A803 /* AppDelegate.swift */,
				154A54311D9FD0750021A803 /* Main.storyboard */,
				154A54371D9FD0750021A803 /* Assets.xcassets */,
				154A54391D9FD0750021A803 /* LaunchScreen.storyboard */,
				154A543C1D9FD0750021A803 /* Info.plist */,
				154A54341D9FD0750021A803 /* CD.xcdatamodeld */,
			);
			path = CD;
			sourceTree = "<group>";
		};
		154A54421D9FD11D0021A803 /* Custom UI */ = {
			isa = PBXGroup;
			children = (
				154A54431D9FD11D0021A803 /* DotView.swift */,
				154A54441D9FD11D0021A803 /* IntroButton.swift */,
				154A54451D9FD11D0021A803 /* IntroButtonWhite.swift */,
				154A54461D9FD11D0021A803 /* IntroTextField.swift */,
				153C80D11DABB57000DBEDCD /* ButtonView.swift */,
				15CAE3851DECAD8D00DED25C /* CustomAlert.swift */,
			);
			path = "Custom UI";
			sourceTree = "<group>";
		};
		154A544B1D9FD12C0021A803 /* Custom Fonts */ = {
			isa = PBXGroup;
			children = (
				154A544C1D9FD12C0021A803 /* Roboto */,
			);
			path = "Custom Fonts";
			sourceTree = "<group>";
		};
		154A544C1D9FD12C0021A803 /* Roboto */ = {
			isa = PBXGroup;
			children = (
				154A544D1D9FD12C0021A803 /* Apache License.txt */,
				154A544E1D9FD12C0021A803 /* Roboto-Black.ttf */,
				154A544F1D9FD12C0021A803 /* Roboto-BlackItalic.ttf */,
				154A54501D9FD12C0021A803 /* Roboto-Bold.ttf */,
				154A54511D9FD12C0021A803 /* Roboto-BoldItalic.ttf */,
				154A54521D9FD12C0021A803 /* Roboto-Italic.ttf */,
				154A54531D9FD12C0021A803 /* Roboto-Light.ttf */,
				154A54541D9FD12C0021A803 /* Roboto-LightItalic.ttf */,
				154A54551D9FD12C0021A803 /* Roboto-Medium.ttf */,
				154A54561D9FD12C0021A803 /* Roboto-MediumItalic.ttf */,
				154A54571D9FD12C0021A803 /* Roboto-Regular.ttf */,
				154A54581D9FD12C0021A803 /* Roboto-Thin.ttf */,
				154A54591D9FD12C0021A803 /* Roboto-ThinItalic.ttf */,
				154A545A1D9FD12C0021A803 /* RobotoCondensed-Bold.ttf */,
				154A545B1D9FD12C0021A803 /* RobotoCondensed-BoldItalic.ttf */,
				154A545C1D9FD12C0021A803 /* RobotoCondensed-Italic.ttf */,
				154A545D1D9FD12C0021A803 /* RobotoCondensed-Light.ttf */,
				154A545E1D9FD12C0021A803 /* RobotoCondensed-LightItalic.ttf */,
				154A545F1D9FD12C0021A803 /* RobotoCondensed-Regular.ttf */,
			);
			path = Roboto;
			sourceTree = "<group>";
		};
		156C226B1DDE0DA600ACE919 /* Signup Complete Profile */ = {
			isa = PBXGroup;
			children = (
				15327BB51DC63A62000411F7 /* SignupAddYourPhotoViewController.swift */,
				15327BBE1DC63A62000411F7 /* SignupYouLookGoodViewController.swift */,
				15327BB81DC63A62000411F7 /* SignupCountryViewController.swift */,
				15327BBF1DC63A62000411F7 /* SignupYourInterestsViewController.swift */,
				15327BB71DC63A62000411F7 /* SignupCongratulationsViewController.swift */,
			);
			name = "Signup Complete Profile";
			sourceTree = "<group>";
		};
		1574A7481E0ED29F00EDA4D0 /* External Libraries */ = {
			isa = PBXGroup;
			children = (
				1574A74A1E0ED2AA00EDA4D0 /* CD-Bridging-Header.h */,
				1574A7491E0ED29F00EDA4D0 /* SWRevealViewController */,
			);
			path = "External Libraries";
			sourceTree = "<group>";
		};
		1574A7491E0ED29F00EDA4D0 /* SWRevealViewController */ = {
			isa = PBXGroup;
			children = (
				1574A74E1E0ED31400EDA4D0 /* SWRevealViewController.h */,
				1574A74F1E0ED31400EDA4D0 /* SWRevealViewController.m */,
			);
			path = SWRevealViewController;
			sourceTree = "<group>";
		};
		1574A7531E0EDD2E00EDA4D0 /* Host Menu */ = {
			isa = PBXGroup;
			children = (
				1574A7541E0EDE1500EDA4D0 /* HostHomeViewController.swift */,
				1588A6CC1E11369800FEA81F /* HostMenuTableViewCell.swift */,
			);
			name = "Host Menu";
			sourceTree = "<group>";
		};
		1588A6D01E115FC300FEA81F /* Setting Menu */ = {
			isa = PBXGroup;
			children = (
				1588A6D11E115FDD00FEA81F /* SettingsViewController.swift */,
			);
			name = "Setting Menu";
			sourceTree = "<group>";
		};
		158E24081DCE081C000FE262 /* Signup */ = {
			isa = PBXGroup;
			children = (
				15327BBD1DC63A62000411F7 /* SignupViewController.swift */,
				15327BB91DC63A62000411F7 /* SignupFinishedViewController.swift */,
			);
			name = Signup;
			sourceTree = "<group>";
		};
		15EE960B1DCA2CBB0003FB51 /* Network */ = {
			isa = PBXGroup;
			children = (
				15EE960C1DCA2CD10003FB51 /* NetworkManager.swift */,
			);
			path = Network;
			sourceTree = "<group>";
		};
		34B248700B5775622CA85CFB /* Frameworks */ = {
			isa = PBXGroup;
			children = (
				12641929306E4C88E2053DC2 /* Pods_CD.framework */,
			);
			name = Frameworks;
			sourceTree = "<group>";
		};
		A074BD721CD0EA59A861ACDC /* Pods */ = {
			isa = PBXGroup;
			children = (
				0A2AF6023080F9C14214C781 /* Pods-CD.debug.xcconfig */,
				DB6497397822CCBF6D246A17 /* Pods-CD.release.xcconfig */,
			);
			name = Pods;
			sourceTree = "<group>";
		};
/* End PBXGroup section */

/* Begin PBXNativeTarget section */
		154A54291D9FD0750021A803 /* CD */ = {
			isa = PBXNativeTarget;
			buildConfigurationList = 154A543F1D9FD0750021A803 /* Build configuration list for PBXNativeTarget "CD" */;
			buildPhases = (
				677BF2EE16ACBAEC1658DC4E /* [CP] Check Pods Manifest.lock */,
				154A54261D9FD0750021A803 /* Sources */,
				154A54271D9FD0750021A803 /* Frameworks */,
				154A54281D9FD0750021A803 /* Resources */,
				DDA5C155E57CCAFC06BDA0DB /* [CP] Embed Pods Frameworks */,
				8DD45DCCB8D997AFB19184ED /* [CP] Copy Pods Resources */,
			);
			buildRules = (
			);
			dependencies = (
			);
			name = CD;
			productName = CD;
			productReference = 154A542A1D9FD0750021A803 /* CD.app */;
			productType = "com.apple.product-type.application";
		};
/* End PBXNativeTarget section */

/* Begin PBXProject section */
		154A54221D9FD0750021A803 /* Project object */ = {
			isa = PBXProject;
			attributes = {
				LastSwiftUpdateCheck = 0800;
				LastUpgradeCheck = 0810;
				ORGANIZATIONNAME = CustomDeal;
				TargetAttributes = {
					154A54291D9FD0750021A803 = {
						CreatedOnToolsVersion = 8.0;
						DevelopmentTeam = WDRE2F7JLT;
						LastSwiftMigration = 0820;
						ProvisioningStyle = Automatic;
					};
				};
			};
			buildConfigurationList = 154A54251D9FD0750021A803 /* Build configuration list for PBXProject "CD" */;
			compatibilityVersion = "Xcode 3.2";
			developmentRegion = English;
			hasScannedForEncodings = 0;
			knownRegions = (
				en,
				Base,
			);
			mainGroup = 154A54211D9FD0750021A803;
			productRefGroup = 154A542B1D9FD0750021A803 /* Products */;
			projectDirPath = "";
			projectRoot = "";
			targets = (
				154A54291D9FD0750021A803 /* CD */,
			);
		};
/* End PBXProject section */

/* Begin PBXResourcesBuildPhase section */
		154A54281D9FD0750021A803 /* Resources */ = {
			isa = PBXResourcesBuildPhase;
			buildActionMask = 2147483647;
			files = (
				154A54631D9FD12C0021A803 /* Roboto-Bold.ttf in Resources */,
				154A54671D9FD12C0021A803 /* Roboto-LightItalic.ttf in Resources */,
				154A546F1D9FD12C0021A803 /* RobotoCondensed-Italic.ttf in Resources */,
				154A546E1D9FD12C0021A803 /* RobotoCondensed-BoldItalic.ttf in Resources */,
				154A54691D9FD12C0021A803 /* Roboto-MediumItalic.ttf in Resources */,
				154A54651D9FD12C0021A803 /* Roboto-Italic.ttf in Resources */,
				154A54661D9FD12C0021A803 /* Roboto-Light.ttf in Resources */,
				154A543B1D9FD0750021A803 /* LaunchScreen.storyboard in Resources */,
				154A54641D9FD12C0021A803 /* Roboto-BoldItalic.ttf in Resources */,
				154A54621D9FD12C0021A803 /* Roboto-BlackItalic.ttf in Resources */,
				154A546B1D9FD12C0021A803 /* Roboto-Thin.ttf in Resources */,
				154A546A1D9FD12C0021A803 /* Roboto-Regular.ttf in Resources */,
				154A54711D9FD12C0021A803 /* RobotoCondensed-LightItalic.ttf in Resources */,
				154A54601D9FD12C0021A803 /* Apache License.txt in Resources */,
				154A54721D9FD12C0021A803 /* RobotoCondensed-Regular.ttf in Resources */,
				154A54681D9FD12C0021A803 /* Roboto-Medium.ttf in Resources */,
				154A54701D9FD12C0021A803 /* RobotoCondensed-Light.ttf in Resources */,
				154A546C1D9FD12C0021A803 /* Roboto-ThinItalic.ttf in Resources */,
				154A546D1D9FD12C0021A803 /* RobotoCondensed-Bold.ttf in Resources */,
				154A54611D9FD12C0021A803 /* Roboto-Black.ttf in Resources */,
				154A54381D9FD0750021A803 /* Assets.xcassets in Resources */,
				154A54331D9FD0750021A803 /* Main.storyboard in Resources */,
			);
			runOnlyForDeploymentPostprocessing = 0;
		};
/* End PBXResourcesBuildPhase section */

/* Begin PBXShellScriptBuildPhase section */
		677BF2EE16ACBAEC1658DC4E /* [CP] Check Pods Manifest.lock */ = {
			isa = PBXShellScriptBuildPhase;
			buildActionMask = 2147483647;
			files = (
			);
			inputPaths = (
			);
			name = "[CP] Check Pods Manifest.lock";
			outputPaths = (
			);
			runOnlyForDeploymentPostprocessing = 0;
			shellPath = /bin/sh;
			shellScript = "diff \"${PODS_ROOT}/../Podfile.lock\" \"${PODS_ROOT}/Manifest.lock\" > /dev/null\nif [ $? != 0 ] ; then\n    # print error to STDERR\n    echo \"error: The sandbox is not in sync with the Podfile.lock. Run 'pod install' or update your CocoaPods installation.\" >&2\n    exit 1\nfi\n";
			showEnvVarsInLog = 0;
		};
		8DD45DCCB8D997AFB19184ED /* [CP] Copy Pods Resources */ = {
			isa = PBXShellScriptBuildPhase;
			buildActionMask = 2147483647;
			files = (
			);
			inputPaths = (
			);
			name = "[CP] Copy Pods Resources";
			outputPaths = (
			);
			runOnlyForDeploymentPostprocessing = 0;
			shellPath = /bin/sh;
			shellScript = "\"${SRCROOT}/Pods/Target Support Files/Pods-CD/Pods-CD-resources.sh\"\n";
			showEnvVarsInLog = 0;
		};
		DDA5C155E57CCAFC06BDA0DB /* [CP] Embed Pods Frameworks */ = {
			isa = PBXShellScriptBuildPhase;
			buildActionMask = 2147483647;
			files = (
			);
			inputPaths = (
			);
			name = "[CP] Embed Pods Frameworks";
			outputPaths = (
			);
			runOnlyForDeploymentPostprocessing = 0;
			shellPath = /bin/sh;
			shellScript = "\"${SRCROOT}/Pods/Target Support Files/Pods-CD/Pods-CD-frameworks.sh\"\n";
			showEnvVarsInLog = 0;
		};
/* End PBXShellScriptBuildPhase section */

/* Begin PBXSourcesBuildPhase section */
		154A54261D9FD0750021A803 /* Sources */ = {
			isa = PBXSourcesBuildPhase;
			buildActionMask = 2147483647;
			files = (
				15327BC31DC63A62000411F7 /* HostFeedbackViewController.swift in Sources */,
				154A54481D9FD11D0021A803 /* IntroButton.swift in Sources */,
				15327BD01DC63A62000411F7 /* StartViewController.swift in Sources */,
				15327BCD1DC63A62000411F7 /* SignupViewController.swift in Sources */,
				1574A7551E0EDE1500EDA4D0 /* HostHomeViewController.swift in Sources */,
				15327BC61DC63A62000411F7 /* SignupConfirmPhoneViewController.swift in Sources */,
				152080EA1DF35B8E005687C1 /* RiderListOffer+Additions.swift in Sources */,
				15327BC41DC63A62000411F7 /* ReviewRiderLIstViewController.swift in Sources */,
				1588A6CD1E11369800FEA81F /* HostMenuTableViewCell.swift in Sources */,
				15327BCF1DC63A62000411F7 /* SignupYourInterestsViewController.swift in Sources */,
				15EE96061DCA0F600003FB51 /* ServiceOffer+Additions.swift in Sources */,
				15327BCE1DC63A62000411F7 /* SignupYouLookGoodViewController.swift in Sources */,
				1547F1F41DC8FE3F00A04106 /* User+Additions.swift in Sources */,
				152080F01DF37586005687C1 /* GeneralPickerViewController.swift in Sources */,
				1588A6CF1E1154D200FEA81F /* GuestMenuTableViewCell.swift in Sources */,
				154A54361D9FD0750021A803 /* CD.xcdatamodeld in Sources */,
				152080E81DF35953005687C1 /* RiderList+Additions.swift in Sources */,
				15EE960A1DCA14B50003FB51 /* Language+Additions.swift in Sources */,
				154A544A1D9FD11D0021A803 /* IntroTextField.swift in Sources */,
				1574A7521E0ED6B000EDA4D0 /* GuestHomeViewController.swift in Sources */,
				15327BC71DC63A62000411F7 /* SignupCongratulationsViewController.swift in Sources */,
				15327BC21DC63A62000411F7 /* CreateRiderListViewController.swift in Sources */,
				15327BC81DC63A62000411F7 /* SignupCountryViewController.swift in Sources */,
				152080F21DF375A1005687C1 /* GeneralPickerTableViewCell.swift in Sources */,
				154A542E1D9FD0750021A803 /* AppDelegate.swift in Sources */,
				15CAE3801DEC86AF00DED25C /* City+Additions.swift in Sources */,
				154A54491D9FD11D0021A803 /* IntroButtonWhite.swift in Sources */,
				15327BC51DC63A62000411F7 /* SignupAddYourPhotoViewController.swift in Sources */,
				152080EE1DF36E60005687C1 /* DatePickerViewController.swift in Sources */,
				15327BCA1DC63A62000411F7 /* SignupFourDigitCodeViewController.swift in Sources */,
				1574A7501E0ED31400EDA4D0 /* SWRevealViewController.m in Sources */,
				15CAE37E1DEC86A000DED25C /* Country+Additions.swift in Sources */,
				15327BC91DC63A62000411F7 /* SignupFinishedViewController.swift in Sources */,
				153C80D21DABB57000DBEDCD /* ButtonView.swift in Sources */,
				15327BC11DC63A62000411F7 /* AccomodationViewController.swift in Sources */,
				1588A6D21E115FDD00FEA81F /* SettingsViewController.swift in Sources */,
				15327BCB1DC63A62000411F7 /* SignupGreatViewController.swift in Sources */,
				15EE960D1DCA2CD10003FB51 /* NetworkManager.swift in Sources */,
				15CAE3841DEC9B7400DED25C /* Profession+Additions.swift in Sources */,
				158E240A1DCE0A5D000FE262 /* CoreDataManager.swift in Sources */,
				15327BCC1DC63A62000411F7 /* SignupInterestsCollectionViewCell.swift in Sources */,
				154A54471D9FD11D0021A803 /* DotView.swift in Sources */,
				15EE96081DCA144A0003FB51 /* Interest+Additions.swift in Sources */,
				15CAE3861DECAD8D00DED25C /* CustomAlert.swift in Sources */,
			);
			runOnlyForDeploymentPostprocessing = 0;
		};
/* End PBXSourcesBuildPhase section */

/* Begin PBXVariantGroup section */
		154A54311D9FD0750021A803 /* Main.storyboard */ = {
			isa = PBXVariantGroup;
			children = (
				154A54321D9FD0750021A803 /* Base */,
			);
			name = Main.storyboard;
			sourceTree = "<group>";
		};
		154A54391D9FD0750021A803 /* LaunchScreen.storyboard */ = {
			isa = PBXVariantGroup;
			children = (
				154A543A1D9FD0750021A803 /* Base */,
			);
			name = LaunchScreen.storyboard;
			sourceTree = "<group>";
		};
/* End PBXVariantGroup section */

/* Begin XCBuildConfiguration section */
		154A543D1D9FD0750021A803 /* Debug */ = {
			isa = XCBuildConfiguration;
			buildSettings = {
				ALWAYS_SEARCH_USER_PATHS = NO;
				CLANG_ANALYZER_NONNULL = YES;
				CLANG_CXX_LANGUAGE_STANDARD = "gnu++0x";
				CLANG_CXX_LIBRARY = "libc++";
				CLANG_ENABLE_MODULES = YES;
				CLANG_ENABLE_OBJC_ARC = YES;
				CLANG_WARN_BOOL_CONVERSION = YES;
				CLANG_WARN_CONSTANT_CONVERSION = YES;
				CLANG_WARN_DIRECT_OBJC_ISA_USAGE = YES_ERROR;
				CLANG_WARN_DOCUMENTATION_COMMENTS = YES;
				CLANG_WARN_EMPTY_BODY = YES;
				CLANG_WARN_ENUM_CONVERSION = YES;
				CLANG_WARN_INFINITE_RECURSION = YES;
				CLANG_WARN_INT_CONVERSION = YES;
				CLANG_WARN_OBJC_ROOT_CLASS = YES_ERROR;
				CLANG_WARN_SUSPICIOUS_MOVE = YES;
				CLANG_WARN_SUSPICIOUS_MOVES = YES;
				CLANG_WARN_UNREACHABLE_CODE = YES;
				CLANG_WARN__DUPLICATE_METHOD_MATCH = YES;
				"CODE_SIGN_IDENTITY[sdk=iphoneos*]" = "iPhone Developer";
				COPY_PHASE_STRIP = NO;
				DEBUG_INFORMATION_FORMAT = dwarf;
				ENABLE_STRICT_OBJC_MSGSEND = YES;
				ENABLE_TESTABILITY = YES;
				GCC_C_LANGUAGE_STANDARD = gnu99;
				GCC_DYNAMIC_NO_PIC = NO;
				GCC_NO_COMMON_BLOCKS = YES;
				GCC_OPTIMIZATION_LEVEL = 0;
				GCC_PREPROCESSOR_DEFINITIONS = (
					"DEBUG=1",
					"$(inherited)",
				);
				GCC_WARN_64_TO_32_BIT_CONVERSION = YES;
				GCC_WARN_ABOUT_RETURN_TYPE = YES_ERROR;
				GCC_WARN_UNDECLARED_SELECTOR = YES;
				GCC_WARN_UNINITIALIZED_AUTOS = YES_AGGRESSIVE;
				GCC_WARN_UNUSED_FUNCTION = YES;
				GCC_WARN_UNUSED_VARIABLE = YES;
				IPHONEOS_DEPLOYMENT_TARGET = 10.0;
				MTL_ENABLE_DEBUG_INFO = YES;
				ONLY_ACTIVE_ARCH = YES;
				SDKROOT = iphoneos;
				SWIFT_ACTIVE_COMPILATION_CONDITIONS = DEBUG;
				SWIFT_OPTIMIZATION_LEVEL = "-Onone";
			};
			name = Debug;
		};
		154A543E1D9FD0750021A803 /* Release */ = {
			isa = XCBuildConfiguration;
			buildSettings = {
				ALWAYS_SEARCH_USER_PATHS = NO;
				CLANG_ANALYZER_NONNULL = YES;
				CLANG_CXX_LANGUAGE_STANDARD = "gnu++0x";
				CLANG_CXX_LIBRARY = "libc++";
				CLANG_ENABLE_MODULES = YES;
				CLANG_ENABLE_OBJC_ARC = YES;
				CLANG_WARN_BOOL_CONVERSION = YES;
				CLANG_WARN_CONSTANT_CONVERSION = YES;
				CLANG_WARN_DIRECT_OBJC_ISA_USAGE = YES_ERROR;
				CLANG_WARN_DOCUMENTATION_COMMENTS = YES;
				CLANG_WARN_EMPTY_BODY = YES;
				CLANG_WARN_ENUM_CONVERSION = YES;
				CLANG_WARN_INFINITE_RECURSION = YES;
				CLANG_WARN_INT_CONVERSION = YES;
				CLANG_WARN_OBJC_ROOT_CLASS = YES_ERROR;
				CLANG_WARN_SUSPICIOUS_MOVE = YES;
				CLANG_WARN_SUSPICIOUS_MOVES = YES;
				CLANG_WARN_UNREACHABLE_CODE = YES;
				CLANG_WARN__DUPLICATE_METHOD_MATCH = YES;
				"CODE_SIGN_IDENTITY[sdk=iphoneos*]" = "iPhone Developer";
				COPY_PHASE_STRIP = NO;
				DEBUG_INFORMATION_FORMAT = "dwarf-with-dsym";
				ENABLE_NS_ASSERTIONS = NO;
				ENABLE_STRICT_OBJC_MSGSEND = YES;
				GCC_C_LANGUAGE_STANDARD = gnu99;
				GCC_NO_COMMON_BLOCKS = YES;
				GCC_WARN_64_TO_32_BIT_CONVERSION = YES;
				GCC_WARN_ABOUT_RETURN_TYPE = YES_ERROR;
				GCC_WARN_UNDECLARED_SELECTOR = YES;
				GCC_WARN_UNINITIALIZED_AUTOS = YES_AGGRESSIVE;
				GCC_WARN_UNUSED_FUNCTION = YES;
				GCC_WARN_UNUSED_VARIABLE = YES;
				IPHONEOS_DEPLOYMENT_TARGET = 10.0;
				MTL_ENABLE_DEBUG_INFO = NO;
				SDKROOT = iphoneos;
				SWIFT_OPTIMIZATION_LEVEL = "-Owholemodule";
				VALIDATE_PRODUCT = YES;
			};
			name = Release;
		};
		154A54401D9FD0750021A803 /* Debug */ = {
			isa = XCBuildConfiguration;
			baseConfigurationReference = 0A2AF6023080F9C14214C781 /* Pods-CD.debug.xcconfig */;
			buildSettings = {
				ALWAYS_EMBED_SWIFT_STANDARD_LIBRARIES = "$(inherited)";
				ASSETCATALOG_COMPILER_APPICON_NAME = AppIcon;
				CLANG_ENABLE_MODULES = YES;
				DEVELOPMENT_TEAM = WDRE2F7JLT;
				EMBEDDED_CONTENT_CONTAINS_SWIFT = "$(inherited)";
				INFOPLIST_FILE = CD/Info.plist;
				LD_RUNPATH_SEARCH_PATHS = "$(inherited) @executable_path/Frameworks";
				PRODUCT_BUNDLE_IDENTIFIER = com.customdeal.CD;
				PRODUCT_NAME = "$(TARGET_NAME)";
				SWIFT_OBJC_BRIDGING_HEADER = "CD/External Libraries/CD-Bridging-Header.h";
				SWIFT_OPTIMIZATION_LEVEL = "-Onone";
				SWIFT_VERSION = 3.0;
			};
			name = Debug;
		};
		154A54411D9FD0750021A803 /* Release */ = {
			isa = XCBuildConfiguration;
			baseConfigurationReference = DB6497397822CCBF6D246A17 /* Pods-CD.release.xcconfig */;
			buildSettings = {
				ALWAYS_EMBED_SWIFT_STANDARD_LIBRARIES = "$(inherited)";
				ASSETCATALOG_COMPILER_APPICON_NAME = AppIcon;
				CLANG_ENABLE_MODULES = YES;
				DEVELOPMENT_TEAM = WDRE2F7JLT;
				EMBEDDED_CONTENT_CONTAINS_SWIFT = "$(inherited)";
				INFOPLIST_FILE = CD/Info.plist;
				LD_RUNPATH_SEARCH_PATHS = "$(inherited) @executable_path/Frameworks";
				PRODUCT_BUNDLE_IDENTIFIER = com.customdeal.CD;
				PRODUCT_NAME = "$(TARGET_NAME)";
				SWIFT_OBJC_BRIDGING_HEADER = "CD/External Libraries/CD-Bridging-Header.h";
				SWIFT_VERSION = 3.0;
			};
			name = Release;
		};
/* End XCBuildConfiguration section */

/* Begin XCConfigurationList section */
		154A54251D9FD0750021A803 /* Build configuration list for PBXProject "CD" */ = {
			isa = XCConfigurationList;
			buildConfigurations = (
				154A543D1D9FD0750021A803 /* Debug */,
				154A543E1D9FD0750021A803 /* Release */,
			);
			defaultConfigurationIsVisible = 0;
			defaultConfigurationName = Release;
		};
		154A543F1D9FD0750021A803 /* Build configuration list for PBXNativeTarget "CD" */ = {
			isa = XCConfigurationList;
			buildConfigurations = (
				154A54401D9FD0750021A803 /* Debug */,
				154A54411D9FD0750021A803 /* Release */,
			);
			defaultConfigurationIsVisible = 0;
			defaultConfigurationName = Release;
		};
/* End XCConfigurationList section */

/* Begin XCVersionGroup section */
		154A54341D9FD0750021A803 /* CD.xcdatamodeld */ = {
			isa = XCVersionGroup;
			children = (
				154A54351D9FD0750021A803 /* CD.xcdatamodel */,
			);
			currentVersion = 154A54351D9FD0750021A803 /* CD.xcdatamodel */;
			path = CD.xcdatamodeld;
			sourceTree = "<group>";
			versionGroupType = wrapper.xcdatamodel;
		};
/* End XCVersionGroup section */
	};
	rootObject = 154A54221D9FD0750021A803 /* Project object */;
}
